
Microsoft Visual Studio Solution File, Format Version 12.00
# Visual Studio Version 17
VisualStudioVersion = 17.4.33110.190
MinimumVisualStudioVersion = 10.0.40219.1
Project("{9A19103F-16F7-4668-BE54-9A1E7A4F7556}") = "School.MVC", "School.MVC\School.MVC.csproj", "{C2F08145-C946-48B7-89DB-F4D8889B1885}"
EndProject
Project("{FAE04EC0-301F-11D3-BF4B-00C04F79EFBC}") = "WpfLibrary1", "WpfLibrary1\WpfLibrary1.csproj", "{9CA591A3-97AD-4618-A604-3561F4560258}"
EndProject
Global
	GlobalSection(SolutionConfigurationPlatforms) = preSolution
		Debug|Any CPU = Debug|Any CPU
		Release|Any CPU = Release|Any CPU
	EndGlobalSection
	GlobalSection(ProjectConfigurationPlatforms) = postSolution
		{C2F08145-C946-48B7-89DB-F4D8889B1885}.Debug|Any CPU.ActiveCfg = Debug|Any CPU
		{C2F08145-C946-48B7-89DB-F4D8889B1885}.Debug|Any CPU.Build.0 = Debug|Any CPU
		{C2F08145-C946-48B7-89DB-F4D8889B1885}.Release|Any CPU.ActiveCfg = Release|Any CPU
		{C2F08145-C946-48B7-89DB-F4D8889B1885}.Release|Any CPU.Build.0 = Release|Any CPU
		{9CA591A3-97AD-4618-A604-3561F4560258}.Debug|Any CPU.ActiveCfg = Debug|Any CPU
		{9CA591A3-97AD-4618-A604-3561F4560258}.Debug|Any CPU.Build.0 = Debug|Any CPU
		{9CA591A3-97AD-4618-A604-3561F4560258}.Release|Any CPU.ActiveCfg = Release|Any CPU
		{9CA591A3-97AD-4618-A604-3561F4560258}.Release|Any CPU.Build.0 = Release|Any CPU
	EndGlobalSection
	GlobalSection(SolutionProperties) = preSolution
		HideSolutionNode = FALSE
	EndGlobalSection
	GlobalSection(ExtensibilityGlobals) = postSolution
		SolutionGuid = {4513628C-FF04-42B0-96C2-1315A7E0E9D6}
	EndGlobalSection
EndGlobal
